
Microsoft Visual Studio Solution File, Format Version 12.00
# Visual Studio Version 17
VisualStudioVersion = 17.11.35327.3
MinimumVisualStudioVersion = 10.0.40219.1
Project("{F184B08F-C81C-45F6-A57F-5ABD9991F28F}") = "Taller2Ejem_MovParabolico", "Taller2Ejem_MovParabolico\Taller2Ejem_MovParabolico.vbproj", "{D9214A61-443D-4A22-9260-6C913D5A3229}"
EndProject
Global
	GlobalSection(SolutionConfigurationPlatforms) = preSolution
		Debug|Any CPU = Debug|Any CPU
		Release|Any CPU = Release|Any CPU
	EndGlobalSection
	GlobalSection(ProjectConfigurationPlatforms) = postSolution
		{D9214A61-443D-4A22-9260-6C913D5A3229}.Debug|Any CPU.ActiveCfg = Debug|Any CPU
		{D9214A61-443D-4A22-9260-6C913D5A3229}.Debug|Any CPU.Build.0 = Debug|Any CPU
		{D9214A61-443D-4A22-9260-6C913D5A3229}.Release|Any CPU.ActiveCfg = Release|Any CPU
		{D9214A61-443D-4A22-9260-6C913D5A3229}.Release|Any CPU.Build.0 = Release|Any CPU
	EndGlobalSection
	GlobalSection(SolutionProperties) = preSolution
		HideSolutionNode = FALSE
	EndGlobalSection
	GlobalSection(ExtensibilityGlobals) = postSolution
		SolutionGuid = {E936499F-978F-42C3-96D0-DEC0D887FFBC}
	EndGlobalSection
EndGlobal
